// !$*UTF8*$!
{
	archiveVersion = 1;
	classes = {
	};
	objectVersion = 56;
	objects = {

/* Begin PBXBuildFile section */
		234D0CAB291569A0007CCEC5 /* LocationSearchActivation.swift in Sources */ = {isa = PBXBuildFile; fileRef = 234D0CAA291569A0007CCEC5 /* LocationSearchActivation.swift */; };
		234D0CAD29156B34007CCEC5 /* MapViewActionButton.swift in Sources */ = {isa = PBXBuildFile; fileRef = 234D0CAC29156B34007CCEC5 /* MapViewActionButton.swift */; };
		234D0CAF29156C7E007CCEC5 /* LocationSearch.swift in Sources */ = {isa = PBXBuildFile; fileRef = 234D0CAE29156C7E007CCEC5 /* LocationSearch.swift */; };
		234D0CB129156ED2007CCEC5 /* LocationSearchResultsCell.swift in Sources */ = {isa = PBXBuildFile; fileRef = 234D0CB029156ED2007CCEC5 /* LocationSearchResultsCell.swift */; };
		234E30B0291665A1000DBB7F /* LocationSearchViewModel.swift in Sources */ = {isa = PBXBuildFile; fileRef = 234E30AF291665A1000DBB7F /* LocationSearchViewModel.swift */; };
		23F7AE54291537E30051E1BD /* UberCloneApp.swift in Sources */ = {isa = PBXBuildFile; fileRef = 23F7AE53291537E30051E1BD /* UberCloneApp.swift */; };
		23F7AE58291537E30051E1BD /* Assets.xcassets in Resources */ = {isa = PBXBuildFile; fileRef = 23F7AE57291537E30051E1BD /* Assets.xcassets */; };
		23F7AE5C291537E30051E1BD /* Preview Assets.xcassets in Resources */ = {isa = PBXBuildFile; fileRef = 23F7AE5B291537E30051E1BD /* Preview Assets.xcassets */; };
		23F7AE66291537E30051E1BD /* UberCloneTests.swift in Sources */ = {isa = PBXBuildFile; fileRef = 23F7AE65291537E30051E1BD /* UberCloneTests.swift */; };
		23F7AE70291537E30051E1BD /* UberCloneUITests.swift in Sources */ = {isa = PBXBuildFile; fileRef = 23F7AE6F291537E30051E1BD /* UberCloneUITests.swift */; };
		23F7AE72291537E30051E1BD /* UberCloneUITestsLaunchTests.swift in Sources */ = {isa = PBXBuildFile; fileRef = 23F7AE71291537E30051E1BD /* UberCloneUITestsLaunchTests.swift */; };
		23F7AE86291538A40051E1BD /* Home.swift in Sources */ = {isa = PBXBuildFile; fileRef = 23F7AE85291538A40051E1BD /* Home.swift */; };
		23F7AE88291538F50051E1BD /* UberMapViewRepresentable.swift in Sources */ = {isa = PBXBuildFile; fileRef = 23F7AE87291538F50051E1BD /* UberMapViewRepresentable.swift */; };
		23F7AE8A29153A340051E1BD /* LocationManager.swift in Sources */ = {isa = PBXBuildFile; fileRef = 23F7AE8929153A340051E1BD /* LocationManager.swift */; };
/* End PBXBuildFile section */

/* Begin PBXContainerItemProxy section */
		23F7AE62291537E30051E1BD /* PBXContainerItemProxy */ = {
			isa = PBXContainerItemProxy;
			containerPortal = 23F7AE48291537E20051E1BD /* Project object */;
			proxyType = 1;
			remoteGlobalIDString = 23F7AE4F291537E30051E1BD;
			remoteInfo = UberClone;
		};
		23F7AE6C291537E30051E1BD /* PBXContainerItemProxy */ = {
			isa = PBXContainerItemProxy;
			containerPortal = 23F7AE48291537E20051E1BD /* Project object */;
			proxyType = 1;
			remoteGlobalIDString = 23F7AE4F291537E30051E1BD;
			remoteInfo = UberClone;
		};
/* End PBXContainerItemProxy section */

/* Begin PBXFileReference section */
		234D0CAA291569A0007CCEC5 /* LocationSearchActivation.swift */ = {isa = PBXFileReference; lastKnownFileType = sourcecode.swift; path = LocationSearchActivation.swift; sourceTree = "<group>"; };
		234D0CAC29156B34007CCEC5 /* MapViewActionButton.swift */ = {isa = PBXFileReference; lastKnownFileType = sourcecode.swift; path = MapViewActionButton.swift; sourceTree = "<group>"; };
		234D0CAE29156C7E007CCEC5 /* LocationSearch.swift */ = {isa = PBXFileReference; lastKnownFileType = sourcecode.swift; path = LocationSearch.swift; sourceTree = "<group>"; };
		234D0CB029156ED2007CCEC5 /* LocationSearchResultsCell.swift */ = {isa = PBXFileReference; lastKnownFileType = sourcecode.swift; path = LocationSearchResultsCell.swift; sourceTree = "<group>"; };
		234E30AF291665A1000DBB7F /* LocationSearchViewModel.swift */ = {isa = PBXFileReference; lastKnownFileType = sourcecode.swift; path = LocationSearchViewModel.swift; sourceTree = "<group>"; };
		23F7AE50291537E30051E1BD /* UberClone.app */ = {isa = PBXFileReference; explicitFileType = wrapper.application; includeInIndex = 0; path = UberClone.app; sourceTree = BUILT_PRODUCTS_DIR; };
		23F7AE53291537E30051E1BD /* UberCloneApp.swift */ = {isa = PBXFileReference; lastKnownFileType = sourcecode.swift; path = UberCloneApp.swift; sourceTree = "<group>"; };
		23F7AE57291537E30051E1BD /* Assets.xcassets */ = {isa = PBXFileReference; lastKnownFileType = folder.assetcatalog; path = Assets.xcassets; sourceTree = "<group>"; };
		23F7AE59291537E30051E1BD /* UberClone.entitlements */ = {isa = PBXFileReference; lastKnownFileType = text.plist.entitlements; path = UberClone.entitlements; sourceTree = "<group>"; };
		23F7AE5B291537E30051E1BD /* Preview Assets.xcassets */ = {isa = PBXFileReference; lastKnownFileType = folder.assetcatalog; path = "Preview Assets.xcassets"; sourceTree = "<group>"; };
		23F7AE61291537E30051E1BD /* UberCloneTests.xctest */ = {isa = PBXFileReference; explicitFileType = wrapper.cfbundle; includeInIndex = 0; path = UberCloneTests.xctest; sourceTree = BUILT_PRODUCTS_DIR; };
		23F7AE65291537E30051E1BD /* UberCloneTests.swift */ = {isa = PBXFileReference; lastKnownFileType = sourcecode.swift; path = UberCloneTests.swift; sourceTree = "<group>"; };
		23F7AE6B291537E30051E1BD /* UberCloneUITests.xctest */ = {isa = PBXFileReference; explicitFileType = wrapper.cfbundle; includeInIndex = 0; path = UberCloneUITests.xctest; sourceTree = BUILT_PRODUCTS_DIR; };
		23F7AE6F291537E30051E1BD /* UberCloneUITests.swift */ = {isa = PBXFileReference; lastKnownFileType = sourcecode.swift; path = UberCloneUITests.swift; sourceTree = "<group>"; };
		23F7AE71291537E30051E1BD /* UberCloneUITestsLaunchTests.swift */ = {isa = PBXFileReference; lastKnownFileType = sourcecode.swift; path = UberCloneUITestsLaunchTests.swift; sourceTree = "<group>"; };
		23F7AE85291538A40051E1BD /* Home.swift */ = {isa = PBXFileReference; lastKnownFileType = sourcecode.swift; path = Home.swift; sourceTree = "<group>"; };
		23F7AE87291538F50051E1BD /* UberMapViewRepresentable.swift */ = {isa = PBXFileReference; lastKnownFileType = sourcecode.swift; path = UberMapViewRepresentable.swift; sourceTree = "<group>"; };
		23F7AE8929153A340051E1BD /* LocationManager.swift */ = {isa = PBXFileReference; lastKnownFileType = sourcecode.swift; path = LocationManager.swift; sourceTree = "<group>"; };
/* End PBXFileReference section */

/* Begin PBXFrameworksBuildPhase section */
		23F7AE4D291537E30051E1BD /* Frameworks */ = {
			isa = PBXFrameworksBuildPhase;
			buildActionMask = 2147483647;
			files = (
			);
			runOnlyForDeploymentPostprocessing = 0;
		};
		23F7AE5E291537E30051E1BD /* Frameworks */ = {
			isa = PBXFrameworksBuildPhase;
			buildActionMask = 2147483647;
			files = (
			);
			runOnlyForDeploymentPostprocessing = 0;
		};
		23F7AE68291537E30051E1BD /* Frameworks */ = {
			isa = PBXFrameworksBuildPhase;
			buildActionMask = 2147483647;
			files = (
			);
			runOnlyForDeploymentPostprocessing = 0;
		};
/* End PBXFrameworksBuildPhase section */

/* Begin PBXGroup section */
		234D0CA629156971007CCEC5 /* Home */ = {
			isa = PBXGroup;
			children = (
				23F7AE832915388C0051E1BD /* ViewModel */,
				23F7AE84291538960051E1BD /* View */,
			);
			path = Home;
			sourceTree = "<group>";
		};
		234D0CA72915697F007CCEC5 /* LocationSearch */ = {
			isa = PBXGroup;
			children = (
				234D0CA92915698D007CCEC5 /* ViewModel */,
				234D0CA829156989007CCEC5 /* View */,
			);
			path = LocationSearch;
			sourceTree = "<group>";
		};
		234D0CA829156989007CCEC5 /* View */ = {
			isa = PBXGroup;
			children = (
				234D0CAA291569A0007CCEC5 /* LocationSearchActivation.swift */,
				234D0CAE29156C7E007CCEC5 /* LocationSearch.swift */,
				234D0CB029156ED2007CCEC5 /* LocationSearchResultsCell.swift */,
			);
			path = View;
			sourceTree = "<group>";
		};
		234D0CA92915698D007CCEC5 /* ViewModel */ = {
			isa = PBXGroup;
			children = (
				234E30AF291665A1000DBB7F /* LocationSearchViewModel.swift */,
			);
			path = ViewModel;
			sourceTree = "<group>";
		};
		23F7AE47291537E20051E1BD = {
			isa = PBXGroup;
			children = (
				23F7AE52291537E30051E1BD /* UberClone */,
				23F7AE64291537E30051E1BD /* UberCloneTests */,
				23F7AE6E291537E30051E1BD /* UberCloneUITests */,
				23F7AE51291537E30051E1BD /* Products */,
			);
			sourceTree = "<group>";
		};
		23F7AE51291537E30051E1BD /* Products */ = {
			isa = PBXGroup;
			children = (
				23F7AE50291537E30051E1BD /* UberClone.app */,
				23F7AE61291537E30051E1BD /* UberCloneTests.xctest */,
				23F7AE6B291537E30051E1BD /* UberCloneUITests.xctest */,
			);
			name = Products;
			sourceTree = "<group>";
		};
		23F7AE52291537E30051E1BD /* UberClone */ = {
			isa = PBXGroup;
			children = (
				23F7AE822915387A0051E1BD /* App */,
				23F7AE81291538760051E1BD /* Core */,
				23F7AE80291538730051E1BD /* Extensions */,
				23F7AE7F291538710051E1BD /* Managers */,
				23F7AE7E2915386A0051E1BD /* Models */,
				23F7AE57291537E30051E1BD /* Assets.xcassets */,
				23F7AE59291537E30051E1BD /* UberClone.entitlements */,
				23F7AE5A291537E30051E1BD /* Preview Content */,
			);
			path = UberClone;
			sourceTree = "<group>";
		};
		23F7AE5A291537E30051E1BD /* Preview Content */ = {
			isa = PBXGroup;
			children = (
				23F7AE5B291537E30051E1BD /* Preview Assets.xcassets */,
			);
			path = "Preview Content";
			sourceTree = "<group>";
		};
		23F7AE64291537E30051E1BD /* UberCloneTests */ = {
			isa = PBXGroup;
			children = (
				23F7AE65291537E30051E1BD /* UberCloneTests.swift */,
			);
			path = UberCloneTests;
			sourceTree = "<group>";
		};
		23F7AE6E291537E30051E1BD /* UberCloneUITests */ = {
			isa = PBXGroup;
			children = (
				23F7AE6F291537E30051E1BD /* UberCloneUITests.swift */,
				23F7AE71291537E30051E1BD /* UberCloneUITestsLaunchTests.swift */,
			);
			path = UberCloneUITests;
			sourceTree = "<group>";
		};
		23F7AE7E2915386A0051E1BD /* Models */ = {
			isa = PBXGroup;
			children = (
			);
			path = Models;
			sourceTree = "<group>";
		};
		23F7AE7F291538710051E1BD /* Managers */ = {
			isa = PBXGroup;
			children = (
				23F7AE8929153A340051E1BD /* LocationManager.swift */,
			);
			path = Managers;
			sourceTree = "<group>";
		};
		23F7AE80291538730051E1BD /* Extensions */ = {
			isa = PBXGroup;
			children = (
			);
			path = Extensions;
			sourceTree = "<group>";
		};
		23F7AE81291538760051E1BD /* Core */ = {
			isa = PBXGroup;
			children = (
				234D0CA72915697F007CCEC5 /* LocationSearch */,
				234D0CA629156971007CCEC5 /* Home */,
			);
			path = Core;
			sourceTree = "<group>";
		};
		23F7AE822915387A0051E1BD /* App */ = {
			isa = PBXGroup;
			children = (
				23F7AE53291537E30051E1BD /* UberCloneApp.swift */,
			);
			path = App;
			sourceTree = "<group>";
		};
		23F7AE832915388C0051E1BD /* ViewModel */ = {
			isa = PBXGroup;
			children = (
			);
			path = ViewModel;
			sourceTree = "<group>";
		};
		23F7AE84291538960051E1BD /* View */ = {
			isa = PBXGroup;
			children = (
				23F7AE85291538A40051E1BD /* Home.swift */,
				23F7AE87291538F50051E1BD /* UberMapViewRepresentable.swift */,
				234D0CAC29156B34007CCEC5 /* MapViewActionButton.swift */,
			);
			path = View;
			sourceTree = "<group>";
		};
/* End PBXGroup section */

/* Begin PBXNativeTarget section */
		23F7AE4F291537E30051E1BD /* UberClone */ = {
			isa = PBXNativeTarget;
			buildConfigurationList = 23F7AE75291537E30051E1BD /* Build configuration list for PBXNativeTarget "UberClone" */;
			buildPhases = (
				23F7AE4C291537E30051E1BD /* Sources */,
				23F7AE4D291537E30051E1BD /* Frameworks */,
				23F7AE4E291537E30051E1BD /* Resources */,
			);
			buildRules = (
			);
			dependencies = (
			);
			name = UberClone;
			productName = UberClone;
			productReference = 23F7AE50291537E30051E1BD /* UberClone.app */;
			productType = "com.apple.product-type.application";
		};
		23F7AE60291537E30051E1BD /* UberCloneTests */ = {
			isa = PBXNativeTarget;
			buildConfigurationList = 23F7AE78291537E30051E1BD /* Build configuration list for PBXNativeTarget "UberCloneTests" */;
			buildPhases = (
				23F7AE5D291537E30051E1BD /* Sources */,
				23F7AE5E291537E30051E1BD /* Frameworks */,
				23F7AE5F291537E30051E1BD /* Resources */,
			);
			buildRules = (
			);
			dependencies = (
				23F7AE63291537E30051E1BD /* PBXTargetDependency */,
			);
			name = UberCloneTests;
			productName = UberCloneTests;
			productReference = 23F7AE61291537E30051E1BD /* UberCloneTests.xctest */;
			productType = "com.apple.product-type.bundle.unit-test";
		};
		23F7AE6A291537E30051E1BD /* UberCloneUITests */ = {
			isa = PBXNativeTarget;
			buildConfigurationList = 23F7AE7B291537E30051E1BD /* Build configuration list for PBXNativeTarget "UberCloneUITests" */;
			buildPhases = (
				23F7AE67291537E30051E1BD /* Sources */,
				23F7AE68291537E30051E1BD /* Frameworks */,
				23F7AE69291537E30051E1BD /* Resources */,
			);
			buildRules = (
			);
			dependencies = (
				23F7AE6D291537E30051E1BD /* PBXTargetDependency */,
			);
			name = UberCloneUITests;
			productName = UberCloneUITests;
			productReference = 23F7AE6B291537E30051E1BD /* UberCloneUITests.xctest */;
			productType = "com.apple.product-type.bundle.ui-testing";
		};
/* End PBXNativeTarget section */

/* Begin PBXProject section */
		23F7AE48291537E20051E1BD /* Project object */ = {
			isa = PBXProject;
			attributes = {
				BuildIndependentTargetsInParallel = 1;
				LastSwiftUpdateCheck = 1400;
				LastUpgradeCheck = 1400;
				TargetAttributes = {
					23F7AE4F291537E30051E1BD = {
						CreatedOnToolsVersion = 14.0.1;
					};
					23F7AE60291537E30051E1BD = {
						CreatedOnToolsVersion = 14.0.1;
						TestTargetID = 23F7AE4F291537E30051E1BD;
					};
					23F7AE6A291537E30051E1BD = {
						CreatedOnToolsVersion = 14.0.1;
						TestTargetID = 23F7AE4F291537E30051E1BD;
					};
				};
			};
			buildConfigurationList = 23F7AE4B291537E20051E1BD /* Build configuration list for PBXProject "UberClone" */;
			compatibilityVersion = "Xcode 14.0";
			developmentRegion = en;
			hasScannedForEncodings = 0;
			knownRegions = (
				en,
				Base,
			);
			mainGroup = 23F7AE47291537E20051E1BD;
			productRefGroup = 23F7AE51291537E30051E1BD /* Products */;
			projectDirPath = "";
			projectRoot = "";
			targets = (
				23F7AE4F291537E30051E1BD /* UberClone */,
				23F7AE60291537E30051E1BD /* UberCloneTests */,
				23F7AE6A291537E30051E1BD /* UberCloneUITests */,
			);
		};
/* End PBXProject section */

/* Begin PBXResourcesBuildPhase section */
		23F7AE4E291537E30051E1BD /* Resources */ = {
			isa = PBXResourcesBuildPhase;
			buildActionMask = 2147483647;
			files = (
				23F7AE5C291537E30051E1BD /* Preview Assets.xcassets in Resources */,
				23F7AE58291537E30051E1BD /* Assets.xcassets in Resources */,
			);
			runOnlyForDeploymentPostprocessing = 0;
		};
		23F7AE5F291537E30051E1BD /* Resources */ = {
			isa = PBXResourcesBuildPhase;
			buildActionMask = 2147483647;
			files = (
			);
			runOnlyForDeploymentPostprocessing = 0;
		};
		23F7AE69291537E30051E1BD /* Resources */ = {
			isa = PBXResourcesBuildPhase;
			buildActionMask = 2147483647;
			files = (
			);
			runOnlyForDeploymentPostprocessing = 0;
		};
/* End PBXResourcesBuildPhase section */

/* Begin PBXSourcesBuildPhase section */
		23F7AE4C291537E30051E1BD /* Sources */ = {
			isa = PBXSourcesBuildPhase;
			buildActionMask = 2147483647;
			files = (
				234E30B0291665A1000DBB7F /* LocationSearchViewModel.swift in Sources */,
				234D0CAB291569A0007CCEC5 /* LocationSearchActivation.swift in Sources */,
				234D0CAD29156B34007CCEC5 /* MapViewActionButton.swift in Sources */,
				23F7AE8A29153A340051E1BD /* LocationManager.swift in Sources */,
				234D0CB129156ED2007CCEC5 /* LocationSearchResultsCell.swift in Sources */,
				23F7AE86291538A40051E1BD /* Home.swift in Sources */,
				23F7AE88291538F50051E1BD /* UberMapViewRepresentable.swift in Sources */,
				234D0CAF29156C7E007CCEC5 /* LocationSearch.swift in Sources */,
				23F7AE54291537E30051E1BD /* UberCloneApp.swift in Sources */,
			);
			runOnlyForDeploymentPostprocessing = 0;
		};
		23F7AE5D291537E30051E1BD /* Sources */ = {
			isa = PBXSourcesBuildPhase;
			buildActionMask = 2147483647;
			files = (
				23F7AE66291537E30051E1BD /* UberCloneTests.swift in Sources */,
			);
			runOnlyForDeploymentPostprocessing = 0;
		};
		23F7AE67291537E30051E1BD /* Sources */ = {
			isa = PBXSourcesBuildPhase;
			buildActionMask = 2147483647;
			files = (
				23F7AE72291537E30051E1BD /* UberCloneUITestsLaunchTests.swift in Sources */,
				23F7AE70291537E30051E1BD /* UberCloneUITests.swift in Sources */,
			);
			runOnlyForDeploymentPostprocessing = 0;
		};
/* End PBXSourcesBuildPhase section */

/* Begin PBXTargetDependency section */
		23F7AE63291537E30051E1BD /* PBXTargetDependency */ = {
			isa = PBXTargetDependency;
			target = 23F7AE4F291537E30051E1BD /* UberClone */;
			targetProxy = 23F7AE62291537E30051E1BD /* PBXContainerItemProxy */;
		};
		23F7AE6D291537E30051E1BD /* PBXTargetDependency */ = {
			isa = PBXTargetDependency;
			target = 23F7AE4F291537E30051E1BD /* UberClone */;
			targetProxy = 23F7AE6C291537E30051E1BD /* PBXContainerItemProxy */;
		};
/* End PBXTargetDependency section */

/* Begin XCBuildConfiguration section */
		23F7AE73291537E30051E1BD /* Debug */ = {
			isa = XCBuildConfiguration;
			buildSettings = {
				ALWAYS_SEARCH_USER_PATHS = NO;
				CLANG_ANALYZER_NONNULL = YES;
				CLANG_ANALYZER_NUMBER_OBJECT_CONVERSION = YES_AGGRESSIVE;
				CLANG_CXX_LANGUAGE_STANDARD = "gnu++20";
				CLANG_ENABLE_MODULES = YES;
				CLANG_ENABLE_OBJC_ARC = YES;
				CLANG_ENABLE_OBJC_WEAK = YES;
				CLANG_WARN_BLOCK_CAPTURE_AUTORELEASING = YES;
				CLANG_WARN_BOOL_CONVERSION = YES;
				CLANG_WARN_COMMA = YES;
				CLANG_WARN_CONSTANT_CONVERSION = YES;
				CLANG_WARN_DEPRECATED_OBJC_IMPLEMENTATIONS = YES;
				CLANG_WARN_DIRECT_OBJC_ISA_USAGE = YES_ERROR;
				CLANG_WARN_DOCUMENTATION_COMMENTS = YES;
				CLANG_WARN_EMPTY_BODY = YES;
				CLANG_WARN_ENUM_CONVERSION = YES;
				CLANG_WARN_INFINITE_RECURSION = YES;
				CLANG_WARN_INT_CONVERSION = YES;
				CLANG_WARN_NON_LITERAL_NULL_CONVERSION = YES;
				CLANG_WARN_OBJC_IMPLICIT_RETAIN_SELF = YES;
				CLANG_WARN_OBJC_LITERAL_CONVERSION = YES;
				CLANG_WARN_OBJC_ROOT_CLASS = YES_ERROR;
				CLANG_WARN_QUOTED_INCLUDE_IN_FRAMEWORK_HEADER = YES;
				CLANG_WARN_RANGE_LOOP_ANALYSIS = YES;
				CLANG_WARN_STRICT_PROTOTYPES = YES;
				CLANG_WARN_SUSPICIOUS_MOVE = YES;
				CLANG_WARN_UNGUARDED_AVAILABILITY = YES_AGGRESSIVE;
				CLANG_WARN_UNREACHABLE_CODE = YES;
				CLANG_WARN__DUPLICATE_METHOD_MATCH = YES;
				COPY_PHASE_STRIP = NO;
				DEBUG_INFORMATION_FORMAT = dwarf;
				ENABLE_STRICT_OBJC_MSGSEND = YES;
				ENABLE_TESTABILITY = YES;
				GCC_C_LANGUAGE_STANDARD = gnu11;
				GCC_DYNAMIC_NO_PIC = NO;
				GCC_NO_COMMON_BLOCKS = YES;
				GCC_OPTIMIZATION_LEVEL = 0;
				GCC_PREPROCESSOR_DEFINITIONS = (
					"DEBUG=1",
					"$(inherited)",
				);
				GCC_WARN_64_TO_32_BIT_CONVERSION = YES;
				GCC_WARN_ABOUT_RETURN_TYPE = YES_ERROR;
				GCC_WARN_UNDECLARED_SELECTOR = YES;
				GCC_WARN_UNINITIALIZED_AUTOS = YES_AGGRESSIVE;
				GCC_WARN_UNUSED_FUNCTION = YES;
				GCC_WARN_UNUSED_VARIABLE = YES;
				MTL_ENABLE_DEBUG_INFO = INCLUDE_SOURCE;
				MTL_FAST_MATH = YES;
				ONLY_ACTIVE_ARCH = YES;
				SWIFT_ACTIVE_COMPILATION_CONDITIONS = DEBUG;
				SWIFT_OPTIMIZATION_LEVEL = "-Onone";
			};
			name = Debug;
		};
		23F7AE74291537E30051E1BD /* Release */ = {
			isa = XCBuildConfiguration;
			buildSettings = {
				ALWAYS_SEARCH_USER_PATHS = NO;
				CLANG_ANALYZER_NONNULL = YES;
				CLANG_ANALYZER_NUMBER_OBJECT_CONVERSION = YES_AGGRESSIVE;
				CLANG_CXX_LANGUAGE_STANDARD = "gnu++20";
				CLANG_ENABLE_MODULES = YES;
				CLANG_ENABLE_OBJC_ARC = YES;
				CLANG_ENABLE_OBJC_WEAK = YES;
				CLANG_WARN_BLOCK_CAPTURE_AUTORELEASING = YES;
				CLANG_WARN_BOOL_CONVERSION = YES;
				CLANG_WARN_COMMA = YES;
				CLANG_WARN_CONSTANT_CONVERSION = YES;
				CLANG_WARN_DEPRECATED_OBJC_IMPLEMENTATIONS = YES;
				CLANG_WARN_DIRECT_OBJC_ISA_USAGE = YES_ERROR;
				CLANG_WARN_DOCUMENTATION_COMMENTS = YES;
				CLANG_WARN_EMPTY_BODY = YES;
				CLANG_WARN_ENUM_CONVERSION = YES;
				CLANG_WARN_INFINITE_RECURSION = YES;
				CLANG_WARN_INT_CONVERSION = YES;
				CLANG_WARN_NON_LITERAL_NULL_CONVERSION = YES;
				CLANG_WARN_OBJC_IMPLICIT_RETAIN_SELF = YES;
				CLANG_WARN_OBJC_LITERAL_CONVERSION = YES;
				CLANG_WARN_OBJC_ROOT_CLASS = YES_ERROR;
				CLANG_WARN_QUOTED_INCLUDE_IN_FRAMEWORK_HEADER = YES;
				CLANG_WARN_RANGE_LOOP_ANALYSIS = YES;
				CLANG_WARN_STRICT_PROTOTYPES = YES;
				CLANG_WARN_SUSPICIOUS_MOVE = YES;
				CLANG_WARN_UNGUARDED_AVAILABILITY = YES_AGGRESSIVE;
				CLANG_WARN_UNREACHABLE_CODE = YES;
				CLANG_WARN__DUPLICATE_METHOD_MATCH = YES;
				COPY_PHASE_STRIP = NO;
				DEBUG_INFORMATION_FORMAT = "dwarf-with-dsym";
				ENABLE_NS_ASSERTIONS = NO;
				ENABLE_STRICT_OBJC_MSGSEND = YES;
				GCC_C_LANGUAGE_STANDARD = gnu11;
				GCC_NO_COMMON_BLOCKS = YES;
				GCC_WARN_64_TO_32_BIT_CONVERSION = YES;
				GCC_WARN_ABOUT_RETURN_TYPE = YES_ERROR;
				GCC_WARN_UNDECLARED_SELECTOR = YES;
				GCC_WARN_UNINITIALIZED_AUTOS = YES_AGGRESSIVE;
				GCC_WARN_UNUSED_FUNCTION = YES;
				GCC_WARN_UNUSED_VARIABLE = YES;
				MTL_ENABLE_DEBUG_INFO = NO;
				MTL_FAST_MATH = YES;
				SWIFT_COMPILATION_MODE = wholemodule;
				SWIFT_OPTIMIZATION_LEVEL = "-O";
			};
			name = Release;
		};
		23F7AE76291537E30051E1BD /* Debug */ = {
			isa = XCBuildConfiguration;
			buildSettings = {
				ASSETCATALOG_COMPILER_APPICON_NAME = AppIcon;
				ASSETCATALOG_COMPILER_GLOBAL_ACCENT_COLOR_NAME = AccentColor;
				CODE_SIGN_ENTITLEMENTS = UberClone/UberClone.entitlements;
				CODE_SIGN_STYLE = Automatic;
				CURRENT_PROJECT_VERSION = 1;
				DEVELOPMENT_ASSET_PATHS = "\"UberClone/Preview Content\"";
				DEVELOPMENT_TEAM = 62693BZN4B;
				ENABLE_HARDENED_RUNTIME = YES;
				ENABLE_PREVIEWS = YES;
				GENERATE_INFOPLIST_FILE = YES;
				INFOPLIST_KEY_NSLocationWhenInUseUsageDescription = "";
				"INFOPLIST_KEY_UIApplicationSceneManifest_Generation[sdk=iphoneos*]" = YES;
				"INFOPLIST_KEY_UIApplicationSceneManifest_Generation[sdk=iphonesimulator*]" = YES;
				"INFOPLIST_KEY_UIApplicationSupportsIndirectInputEvents[sdk=iphoneos*]" = YES;
				"INFOPLIST_KEY_UIApplicationSupportsIndirectInputEvents[sdk=iphonesimulator*]" = YES;
				"INFOPLIST_KEY_UILaunchScreen_Generation[sdk=iphoneos*]" = YES;
				"INFOPLIST_KEY_UILaunchScreen_Generation[sdk=iphonesimulator*]" = YES;
				"INFOPLIST_KEY_UIStatusBarStyle[sdk=iphoneos*]" = UIStatusBarStyleDefault;
				"INFOPLIST_KEY_UIStatusBarStyle[sdk=iphonesimulator*]" = UIStatusBarStyleDefault;
				INFOPLIST_KEY_UISupportedInterfaceOrientations_iPad = "UIInterfaceOrientationPortrait UIInterfaceOrientationPortraitUpsideDown UIInterfaceOrientationLandscapeLeft UIInterfaceOrientationLandscapeRight";
				INFOPLIST_KEY_UISupportedInterfaceOrientations_iPhone = "UIInterfaceOrientationPortrait UIInterfaceOrientationLandscapeLeft UIInterfaceOrientationLandscapeRight";
				IPHONEOS_DEPLOYMENT_TARGET = 16.0;
				LD_RUNPATH_SEARCH_PATHS = "@executable_path/Frameworks";
				"LD_RUNPATH_SEARCH_PATHS[sdk=macosx*]" = "@executable_path/../Frameworks";
				MACOSX_DEPLOYMENT_TARGET = 12.3;
				MARKETING_VERSION = 1.0;
				PRODUCT_BUNDLE_IDENTIFIER = berkaydisli.UberClone;
				PRODUCT_NAME = "$(TARGET_NAME)";
				SDKROOT = auto;
				SUPPORTED_PLATFORMS = "iphoneos iphonesimulator macosx";
				SWIFT_EMIT_LOC_STRINGS = YES;
				SWIFT_VERSION = 5.0;
				TARGETED_DEVICE_FAMILY = "1,2";
			};
			name = Debug;
		};
		23F7AE77291537E30051E1BD /* Release */ = {
			isa = XCBuildConfiguration;
			buildSettings = {
				ASSETCATALOG_COMPILER_APPICON_NAME = AppIcon;
				ASSETCATALOG_COMPILER_GLOBAL_ACCENT_COLOR_NAME = AccentColor;
				CODE_SIGN_ENTITLEMENTS = UberClone/UberClone.entitlements;
				CODE_SIGN_STYLE = Automatic;
				CURRENT_PROJECT_VERSION = 1;
				DEVELOPMENT_ASSET_PATHS = "\"UberClone/Preview Content\"";
				DEVELOPMENT_TEAM = 62693BZN4B;
				ENABLE_HARDENED_RUNTIME = YES;
				ENABLE_PREVIEWS = YES;
				GENERATE_INFOPLIST_FILE = YES;
				INFOPLIST_KEY_NSLocationWhenInUseUsageDescription = "";
				"INFOPLIST_KEY_UIApplicationSceneManifest_Generation[sdk=iphoneos*]" = YES;
				"INFOPLIST_KEY_UIApplicationSceneManifest_Generation[sdk=iphonesimulator*]" = YES;
				"INFOPLIST_KEY_UIApplicationSupportsIndirectInputEvents[sdk=iphoneos*]" = YES;
				"INFOPLIST_KEY_UIApplicationSupportsIndirectInputEvents[sdk=iphonesimulator*]" = YES;
				"INFOPLIST_KEY_UILaunchScreen_Generation[sdk=iphoneos*]" = YES;
				"INFOPLIST_KEY_UILaunchScreen_Generation[sdk=iphonesimulator*]" = YES;
				"INFOPLIST_KEY_UIStatusBarStyle[sdk=iphoneos*]" = UIStatusBarStyleDefault;
				"INFOPLIST_KEY_UIStatusBarStyle[sdk=iphonesimulator*]" = UIStatusBarStyleDefault;
				INFOPLIST_KEY_UISupportedInterfaceOrientations_iPad = "UIInterfaceOrientationPortrait UIInterfaceOrientationPortraitUpsideDown UIInterfaceOrientationLandscapeLeft UIInterfaceOrientationLandscapeRight";
				INFOPLIST_KEY_UISupportedInterfaceOrientations_iPhone = "UIInterfaceOrientationPortrait UIInterfaceOrientationLandscapeLeft UIInterfaceOrientationLandscapeRight";
				IPHONEOS_DEPLOYMENT_TARGET = 16.0;
				LD_RUNPATH_SEARCH_PATHS = "@executable_path/Frameworks";
				"LD_RUNPATH_SEARCH_PATHS[sdk=macosx*]" = "@executable_path/../Frameworks";
				MACOSX_DEPLOYMENT_TARGET = 12.3;
				MARKETING_VERSION = 1.0;
				PRODUCT_BUNDLE_IDENTIFIER = berkaydisli.UberClone;
				PRODUCT_NAME = "$(TARGET_NAME)";
				SDKROOT = auto;
				SUPPORTED_PLATFORMS = "iphoneos iphonesimulator macosx";
				SWIFT_EMIT_LOC_STRINGS = YES;
				SWIFT_VERSION = 5.0;
				TARGETED_DEVICE_FAMILY = "1,2";
			};
			name = Release;
		};
		23F7AE79291537E30051E1BD /* Debug */ = {
			isa = XCBuildConfiguration;
			buildSettings = {
				ALWAYS_EMBED_SWIFT_STANDARD_LIBRARIES = YES;
				BUNDLE_LOADER = "$(TEST_HOST)";
				CODE_SIGN_STYLE = Automatic;
				CURRENT_PROJECT_VERSION = 1;
				DEVELOPMENT_TEAM = 62693BZN4B;
				GENERATE_INFOPLIST_FILE = YES;
				IPHONEOS_DEPLOYMENT_TARGET = 16.0;
				MACOSX_DEPLOYMENT_TARGET = 12.3;
				MARKETING_VERSION = 1.0;
				PRODUCT_BUNDLE_IDENTIFIER = berkaydisli.UberCloneTests;
				PRODUCT_NAME = "$(TARGET_NAME)";
				SDKROOT = auto;
				SUPPORTED_PLATFORMS = "iphoneos iphonesimulator macosx";
				SWIFT_EMIT_LOC_STRINGS = NO;
				SWIFT_VERSION = 5.0;
				TARGETED_DEVICE_FAMILY = "1,2";
				TEST_HOST = "$(BUILT_PRODUCTS_DIR)/UberClone.app/$(BUNDLE_EXECUTABLE_FOLDER_PATH)/UberClone";
			};
			name = Debug;
		};
		23F7AE7A291537E30051E1BD /* Release */ = {
			isa = XCBuildConfiguration;
			buildSettings = {
				ALWAYS_EMBED_SWIFT_STANDARD_LIBRARIES = YES;
				BUNDLE_LOADER = "$(TEST_HOST)";
				CODE_SIGN_STYLE = Automatic;
				CURRENT_PROJECT_VERSION = 1;
				DEVELOPMENT_TEAM = 62693BZN4B;
				GENERATE_INFOPLIST_FILE = YES;
				IPHONEOS_DEPLOYMENT_TARGET = 16.0;
				MACOSX_DEPLOYMENT_TARGET = 12.3;
				MARKETING_VERSION = 1.0;
				PRODUCT_BUNDLE_IDENTIFIER = berkaydisli.UberCloneTests;
				PRODUCT_NAME = "$(TARGET_NAME)";
				SDKROOT = auto;
				SUPPORTED_PLATFORMS = "iphoneos iphonesimulator macosx";
				SWIFT_EMIT_LOC_STRINGS = NO;
				SWIFT_VERSION = 5.0;
				TARGETED_DEVICE_FAMILY = "1,2";
				TEST_HOST = "$(BUILT_PRODUCTS_DIR)/UberClone.app/$(BUNDLE_EXECUTABLE_FOLDER_PATH)/UberClone";
			};
			name = Release;
		};
		23F7AE7C291537E30051E1BD /* Debug */ = {
			isa = XCBuildConfiguration;
			buildSettings = {
				ALWAYS_EMBED_SWIFT_STANDARD_LIBRARIES = YES;
				CODE_SIGN_STYLE = Automatic;
				CURRENT_PROJECT_VERSION = 1;
				DEVELOPMENT_TEAM = 62693BZN4B;
				GENERATE_INFOPLIST_FILE = YES;
				IPHONEOS_DEPLOYMENT_TARGET = 16.0;
				MACOSX_DEPLOYMENT_TARGET = 12.3;
				MARKETING_VERSION = 1.0;
				PRODUCT_BUNDLE_IDENTIFIER = berkaydisli.UberCloneUITests;
				PRODUCT_NAME = "$(TARGET_NAME)";
				SDKROOT = auto;
				SUPPORTED_PLATFORMS = "iphoneos iphonesimulator macosx";
				SWIFT_EMIT_LOC_STRINGS = NO;
				SWIFT_VERSION = 5.0;
				TARGETED_DEVICE_FAMILY = "1,2";
				TEST_TARGET_NAME = UberClone;
			};
			name = Debug;
		};
		23F7AE7D291537E30051E1BD /* Release */ = {
			isa = XCBuildConfiguration;
			buildSettings = {
				ALWAYS_EMBED_SWIFT_STANDARD_LIBRARIES = YES;
				CODE_SIGN_STYLE = Automatic;
				CURRENT_PROJECT_VERSION = 1;
				DEVELOPMENT_TEAM = 62693BZN4B;
				GENERATE_INFOPLIST_FILE = YES;
				IPHONEOS_DEPLOYMENT_TARGET = 16.0;
				MACOSX_DEPLOYMENT_TARGET = 12.3;
				MARKETING_VERSION = 1.0;
				PRODUCT_BUNDLE_IDENTIFIER = berkaydisli.UberCloneUITests;
				PRODUCT_NAME = "$(TARGET_NAME)";
				SDKROOT = auto;
				SUPPORTED_PLATFORMS = "iphoneos iphonesimulator macosx";
				SWIFT_EMIT_LOC_STRINGS = NO;
				SWIFT_VERSION = 5.0;
				TARGETED_DEVICE_FAMILY = "1,2";
				TEST_TARGET_NAME = UberClone;
			};
			name = Release;
		};
/* End XCBuildConfiguration section */

/* Begin XCConfigurationList section */
		23F7AE4B291537E20051E1BD /* Build configuration list for PBXProject "UberClone" */ = {
			isa = XCConfigurationList;
			buildConfigurations = (
				23F7AE73291537E30051E1BD /* Debug */,
				23F7AE74291537E30051E1BD /* Release */,
			);
			defaultConfigurationIsVisible = 0;
			defaultConfigurationName = Release;
		};
		23F7AE75291537E30051E1BD /* Build configuration list for PBXNativeTarget "UberClone" */ = {
			isa = XCConfigurationList;
			buildConfigurations = (
				23F7AE76291537E30051E1BD /* Debug */,
				23F7AE77291537E30051E1BD /* Release */,
			);
			defaultConfigurationIsVisible = 0;
			defaultConfigurationName = Release;
		};
		23F7AE78291537E30051E1BD /* Build configuration list for PBXNativeTarget "UberCloneTests" */ = {
			isa = XCConfigurationList;
			buildConfigurations = (
				23F7AE79291537E30051E1BD /* Debug */,
				23F7AE7A291537E30051E1BD /* Release */,
			);
			defaultConfigurationIsVisible = 0;
			defaultConfigurationName = Release;
		};
		23F7AE7B291537E30051E1BD /* Build configuration list for PBXNativeTarget "UberCloneUITests" */ = {
			isa = XCConfigurationList;
			buildConfigurations = (
				23F7AE7C291537E30051E1BD /* Debug */,
				23F7AE7D291537E30051E1BD /* Release */,
			);
			defaultConfigurationIsVisible = 0;
			defaultConfigurationName = Release;
		};
/* End XCConfigurationList section */
	};
	rootObject = 23F7AE48291537E20051E1BD /* Project object */;
}
